
Microsoft Visual Studio Solution File, Format Version 12.00
# Visual Studio Version 17
VisualStudioVersion = 17.3.32811.315
MinimumVisualStudioVersion = 10.0.40219.1
Project("{8BC9CEB8-8B4A-11D0-8D11-00A0C91BC942}") = "hh", "hh\hh.vcxproj", "{E4BACD81-2295-435F-AD0B-8CDC65990661}"
EndProject
Project("{8BC9CEB8-8B4A-11D0-8D11-00A0C91BC942}") = "Project1", "Project1\Project1.vcxproj", "{5781D965-7C99-4708-AAD0-AA8018792EE0}"
EndProject
Project("{8BC9CEB8-8B4A-11D0-8D11-00A0C91BC942}") = "测试double和float精度", "测试double和float精度\测试double和float精度.vcxproj", "{9180D226-C380-4804-83B4-C9EAB7F3B9B8}"
EndProject
Project("{8BC9CEB8-8B4A-11D0-8D11-00A0C91BC942}") = "打印姓名", "打印姓名\打印姓名.vcxproj", "{E84AFA59-7822-45E9-9574-072FC8E7E9D3}"
EndProject
Project("{8BC9CEB8-8B4A-11D0-8D11-00A0C91BC942}") = "格式化输出姓名", "格式化输出姓名\格式化输出姓名.vcxproj", "{D4AF80EB-FE14-4A0F-BD12-401BDC701658}"
EndProject
Project("{8BC9CEB8-8B4A-11D0-8D11-00A0C91BC942}") = "记录输入名姓的长度并格式化输出", "记录输入名姓的长度并格式化输出\记录输入名姓的长度并格式化输出.vcxproj", "{24AC19F1-6B53-47CB-8145-A06C7C41A359}"
EndProject
Project("{8BC9CEB8-8B4A-11D0-8D11-00A0C91BC942}") = "两种方式输出浮点数", "两种方式输出浮点数\两种方式输出浮点数.vcxproj", "{48A13B63-E9C4-4D0E-8B36-A64F62F80026}"
EndProject
Project("{8BC9CEB8-8B4A-11D0-8D11-00A0C91BC942}") = "输出用户身高信息", "输出用户身高信息\输出用户身高信息.vcxproj", "{2CEAC678-579E-48E5-8596-2EB39BA73A09}"
EndProject
Project("{8BC9CEB8-8B4A-11D0-8D11-00A0C91BC942}") = "转换时间", "转换时间\转换时间.vcxproj", "{A3AEFECA-FA93-4FA2-8857-EFE3C1DF1569}"
EndProject
Project("{8BC9CEB8-8B4A-11D0-8D11-00A0C91BC942}") = "打印指定范围数字", "打印指定范围数字\打印指定范围数字.vcxproj", "{7169E21E-9446-46E2-AE3C-54047CD8D0AD}"
EndProject
Project("{8BC9CEB8-8B4A-11D0-8D11-00A0C91BC942}") = "求模运算", "求模运算\求模运算.vcxproj", "{B48414BC-E15F-4C25-9273-F1FEF01688DA}"
EndProject
Project("{8BC9CEB8-8B4A-11D0-8D11-00A0C91BC942}") = "转换温度", "转换温度\转换温度.vcxproj", "{E88DD330-899F-4DED-846A-E3F50908189B}"
EndProject
Project("{8BC9CEB8-8B4A-11D0-8D11-00A0C91BC942}") = "计算乘方", "计算乘方\计算乘方.vcxproj", "{E2774A3D-F34E-455D-93D5-ED1805D5106F}"
EndProject
Project("{8BC9CEB8-8B4A-11D0-8D11-00A0C91BC942}") = "数组储存26个字母", "数组储存26个字母\数组储存26个字母.vcxproj", "{569C98A9-59F0-424E-B931-91B041C79C46}"
EndProject
Project("{8BC9CEB8-8B4A-11D0-8D11-00A0C91BC942}") = "打印阶梯", "打印阶梯\打印阶梯.vcxproj", "{F106A3DD-6738-400D-B6DC-00860CD4131F}"
EndProject
Project("{8BC9CEB8-8B4A-11D0-8D11-00A0C91BC942}") = "输出平方和立方列表", "输出平方和立方列表\输出平方和立方列表.vcxproj", "{B8386A02-E855-40F8-95BC-1F80728461E2}"
EndProject
Project("{8BC9CEB8-8B4A-11D0-8D11-00A0C91BC942}") = "倒序输出单词", "倒序输出单词\倒序输出单词.vcxproj", "{17F793BC-F66F-45F2-991B-F40FD8D660F9}"
EndProject
Project("{8BC9CEB8-8B4A-11D0-8D11-00A0C91BC942}") = "计算数列极限", "计算数列极限\计算数列极限.vcxproj", "{800B41B6-1434-4A59-A962-1E5568A7B0D4}"
EndProject
Project("{8BC9CEB8-8B4A-11D0-8D11-00A0C91BC942}") = "do while循环", "do whilexunhuan\do whilexunhuan.vcxproj", "{F116D4C1-B086-438C-B7B1-DAA8362AD9EE}"
EndProject
Project("{8BC9CEB8-8B4A-11D0-8D11-00A0C91BC942}") = "累积数据", "累积数据\累积数据.vcxproj", "{1E1F48AF-48A9-4730-96D0-A9E2C9A0E988}"
EndProject
Project("{8BC9CEB8-8B4A-11D0-8D11-00A0C91BC942}") = "利滚利", "利滚利\利滚利.vcxproj", "{07D0889E-1D71-4E5A-BEE5-7BE2C1C2CE39}"
EndProject
Project("{8BC9CEB8-8B4A-11D0-8D11-00A0C91BC942}") = "把钱取完", "把钱取完\把钱取完.vcxproj", "{8579FAC6-9C9C-46C1-B468-D63F47E481CF}"
EndProject
Project("{8BC9CEB8-8B4A-11D0-8D11-00A0C91BC942}") = "网上交友", "网上交友\网上交友.vcxproj", "{00C9967C-6CB9-402D-9615-5369A9D8D4F8}"
EndProject
Project("{8BC9CEB8-8B4A-11D0-8D11-00A0C91BC942}") = "判断素数，输出合数的约数", "判断素数，输出合数的约数\判断素数，输出合数的约数.vcxproj", "{E0F09274-8562-4BDA-9112-497760ECBD07}"
EndProject
Project("{8BC9CEB8-8B4A-11D0-8D11-00A0C91BC942}") = "统计文本的单词数，行数和字符数", "统计文本的单词数，行数和字符数\统计文本的单词数，行数和字符数.vcxproj", "{CA7CCA39-BEF2-4052-8832-BE2476ADBA49}"
EndProject
Project("{8BC9CEB8-8B4A-11D0-8D11-00A0C91BC942}") = "挑选动物", "挑选动物\挑选动物.vcxproj", "{551B2397-710E-47E4-A34C-DC832EF17F74}"
EndProject
Project("{8BC9CEB8-8B4A-11D0-8D11-00A0C91BC942}") = "break跳出循环", "break跳出循环\break跳出循环.vcxproj", "{210254D4-BCA9-467A-B219-308F5D4D53CE}"
EndProject
Project("{8BC9CEB8-8B4A-11D0-8D11-00A0C91BC942}") = "重写第七章练习题9", "重写第七章练习题9\重写第七章练习题9.vcxproj", "{CA403665-A470-45F2-B9B5-5A163CECB314}"
EndProject
Project("{8BC9CEB8-8B4A-11D0-8D11-00A0C91BC942}") = "记录读取各种格式字符数量", "记录读取各种格式字符数量\记录读取各种格式字符数量.vcxproj", "{1D02D2E7-6E0C-417C-B1AF-F6A7527C5E90}"
EndProject
Project("{8BC9CEB8-8B4A-11D0-8D11-00A0C91BC942}") = "打印字符及其ascll码值", "打印字符及其ascll码值\打印字符及其ascll码值.vcxproj", "{2B650160-69AC-45FE-9F0A-2F4F0D64C940}"
EndProject
Project("{8BC9CEB8-8B4A-11D0-8D11-00A0C91BC942}") = "分别求奇数平均数和偶数平均数", "分别求奇数平均数和偶数平均数\分别求奇数平均数和偶数平均数.vcxproj", "{E8F7319C-0DDD-40CC-8913-FB7B69B14645}"
EndProject
Project("{8BC9CEB8-8B4A-11D0-8D11-00A0C91BC942}") = "替换符号", "替换符号\替换符号.vcxproj", "{2A2781DB-EAE8-424B-8150-CEB553552F6D}"
EndProject
Project("{8BC9CEB8-8B4A-11D0-8D11-00A0C91BC942}") = "使用switch替换符号", "使用switch替换符号\使用switch替换符号.vcxproj", "{FDD8A5A4-5EFB-47F4-9CD3-C1D755C086DD}"
EndProject
Project("{8BC9CEB8-8B4A-11D0-8D11-00A0C91BC942}") = "读取ei输入次数", "读取ei输入次数\读取ei输入次数.vcxproj", "{A6D56E26-550F-4B24-9969-95B579D1D8C8}"
EndProject
Project("{8BC9CEB8-8B4A-11D0-8D11-00A0C91BC942}") = "打印工资总额，税金和净收入", "打印工资总额，税金和净收入\打印工资总额，税金和净收入.vcxproj", "{8F37183F-6D0A-47C9-AC79-BE6FCA1A5CED}"
EndProject
Project("{8BC9CEB8-8B4A-11D0-8D11-00A0C91BC942}") = "输出全部小于等于输入数的素数", "输出全部小于等于输入数的素数\输出全部小于等于输入数的素数.vcxproj", "{1181DDC6-4439-4960-B685-62EDE5D4F18E}"
EndProject
Project("{8BC9CEB8-8B4A-11D0-8D11-00A0C91BC942}") = "找最大数", "找最大数\找最大数.vcxproj", "{8939D612-3A4C-4B0E-BCB3-2C1D73976D14}"
EndProject
Global
	GlobalSection(SolutionConfigurationPlatforms) = preSolution
		Debug|x64 = Debug|x64
		Debug|x86 = Debug|x86
		Release|x64 = Release|x64
		Release|x86 = Release|x86
	EndGlobalSection
	GlobalSection(ProjectConfigurationPlatforms) = postSolution
		{E4BACD81-2295-435F-AD0B-8CDC65990661}.Debug|x64.ActiveCfg = Debug|x64
		{E4BACD81-2295-435F-AD0B-8CDC65990661}.Debug|x64.Build.0 = Debug|x64
		{E4BACD81-2295-435F-AD0B-8CDC65990661}.Debug|x86.ActiveCfg = Debug|Win32
		{E4BACD81-2295-435F-AD0B-8CDC65990661}.Debug|x86.Build.0 = Debug|Win32
		{E4BACD81-2295-435F-AD0B-8CDC65990661}.Release|x64.ActiveCfg = Release|x64
		{E4BACD81-2295-435F-AD0B-8CDC65990661}.Release|x64.Build.0 = Release|x64
		{E4BACD81-2295-435F-AD0B-8CDC65990661}.Release|x86.ActiveCfg = Release|Win32
		{E4BACD81-2295-435F-AD0B-8CDC65990661}.Release|x86.Build.0 = Release|Win32
		{5781D965-7C99-4708-AAD0-AA8018792EE0}.Debug|x64.ActiveCfg = Debug|x64
		{5781D965-7C99-4708-AAD0-AA8018792EE0}.Debug|x64.Build.0 = Debug|x64
		{5781D965-7C99-4708-AAD0-AA8018792EE0}.Debug|x86.ActiveCfg = Debug|Win32
		{5781D965-7C99-4708-AAD0-AA8018792EE0}.Debug|x86.Build.0 = Debug|Win32
		{5781D965-7C99-4708-AAD0-AA8018792EE0}.Release|x64.ActiveCfg = Release|x64
		{5781D965-7C99-4708-AAD0-AA8018792EE0}.Release|x64.Build.0 = Release|x64
		{5781D965-7C99-4708-AAD0-AA8018792EE0}.Release|x86.ActiveCfg = Release|Win32
		{5781D965-7C99-4708-AAD0-AA8018792EE0}.Release|x86.Build.0 = Release|Win32
		{9180D226-C380-4804-83B4-C9EAB7F3B9B8}.Debug|x64.ActiveCfg = Debug|x64
		{9180D226-C380-4804-83B4-C9EAB7F3B9B8}.Debug|x64.Build.0 = Debug|x64
		{9180D226-C380-4804-83B4-C9EAB7F3B9B8}.Debug|x86.ActiveCfg = Debug|Win32
		{9180D226-C380-4804-83B4-C9EAB7F3B9B8}.Debug|x86.Build.0 = Debug|Win32
		{9180D226-C380-4804-83B4-C9EAB7F3B9B8}.Release|x64.ActiveCfg = Release|x64
		{9180D226-C380-4804-83B4-C9EAB7F3B9B8}.Release|x64.Build.0 = Release|x64
		{9180D226-C380-4804-83B4-C9EAB7F3B9B8}.Release|x86.ActiveCfg = Release|Win32
		{9180D226-C380-4804-83B4-C9EAB7F3B9B8}.Release|x86.Build.0 = Release|Win32
		{E84AFA59-7822-45E9-9574-072FC8E7E9D3}.Debug|x64.ActiveCfg = Debug|x64
		{E84AFA59-7822-45E9-9574-072FC8E7E9D3}.Debug|x64.Build.0 = Debug|x64
		{E84AFA59-7822-45E9-9574-072FC8E7E9D3}.Debug|x86.ActiveCfg = Debug|Win32
		{E84AFA59-7822-45E9-9574-072FC8E7E9D3}.Debug|x86.Build.0 = Debug|Win32
		{E84AFA59-7822-45E9-9574-072FC8E7E9D3}.Release|x64.ActiveCfg = Release|x64
		{E84AFA59-7822-45E9-9574-072FC8E7E9D3}.Release|x64.Build.0 = Release|x64
		{E84AFA59-7822-45E9-9574-072FC8E7E9D3}.Release|x86.ActiveCfg = Release|Win32
		{E84AFA59-7822-45E9-9574-072FC8E7E9D3}.Release|x86.Build.0 = Release|Win32
		{D4AF80EB-FE14-4A0F-BD12-401BDC701658}.Debug|x64.ActiveCfg = Debug|x64
		{D4AF80EB-FE14-4A0F-BD12-401BDC701658}.Debug|x64.Build.0 = Debug|x64
		{D4AF80EB-FE14-4A0F-BD12-401BDC701658}.Debug|x86.ActiveCfg = Debug|Win32
		{D4AF80EB-FE14-4A0F-BD12-401BDC701658}.Debug|x86.Build.0 = Debug|Win32
		{D4AF80EB-FE14-4A0F-BD12-401BDC701658}.Release|x64.ActiveCfg = Release|x64
		{D4AF80EB-FE14-4A0F-BD12-401BDC701658}.Release|x64.Build.0 = Release|x64
		{D4AF80EB-FE14-4A0F-BD12-401BDC701658}.Release|x86.ActiveCfg = Release|Win32
		{D4AF80EB-FE14-4A0F-BD12-401BDC701658}.Release|x86.Build.0 = Release|Win32
		{24AC19F1-6B53-47CB-8145-A06C7C41A359}.Debug|x64.ActiveCfg = Debug|x64
		{24AC19F1-6B53-47CB-8145-A06C7C41A359}.Debug|x64.Build.0 = Debug|x64
		{24AC19F1-6B53-47CB-8145-A06C7C41A359}.Debug|x86.ActiveCfg = Debug|Win32
		{24AC19F1-6B53-47CB-8145-A06C7C41A359}.Debug|x86.Build.0 = Debug|Win32
		{24AC19F1-6B53-47CB-8145-A06C7C41A359}.Release|x64.ActiveCfg = Release|x64
		{24AC19F1-6B53-47CB-8145-A06C7C41A359}.Release|x64.Build.0 = Release|x64
		{24AC19F1-6B53-47CB-8145-A06C7C41A359}.Release|x86.ActiveCfg = Release|Win32
		{24AC19F1-6B53-47CB-8145-A06C7C41A359}.Release|x86.Build.0 = Release|Win32
		{48A13B63-E9C4-4D0E-8B36-A64F62F80026}.Debug|x64.ActiveCfg = Debug|x64
		{48A13B63-E9C4-4D0E-8B36-A64F62F80026}.Debug|x64.Build.0 = Debug|x64
		{48A13B63-E9C4-4D0E-8B36-A64F62F80026}.Debug|x86.ActiveCfg = Debug|Win32
		{48A13B63-E9C4-4D0E-8B36-A64F62F80026}.Debug|x86.Build.0 = Debug|Win32
		{48A13B63-E9C4-4D0E-8B36-A64F62F80026}.Release|x64.ActiveCfg = Release|x64
		{48A13B63-E9C4-4D0E-8B36-A64F62F80026}.Release|x64.Build.0 = Release|x64
		{48A13B63-E9C4-4D0E-8B36-A64F62F80026}.Release|x86.ActiveCfg = Release|Win32
		{48A13B63-E9C4-4D0E-8B36-A64F62F80026}.Release|x86.Build.0 = Release|Win32
		{2CEAC678-579E-48E5-8596-2EB39BA73A09}.Debug|x64.ActiveCfg = Debug|x64
		{2CEAC678-579E-48E5-8596-2EB39BA73A09}.Debug|x64.Build.0 = Debug|x64
		{2CEAC678-579E-48E5-8596-2EB39BA73A09}.Debug|x86.ActiveCfg = Debug|Win32
		{2CEAC678-579E-48E5-8596-2EB39BA73A09}.Debug|x86.Build.0 = Debug|Win32
		{2CEAC678-579E-48E5-8596-2EB39BA73A09}.Release|x64.ActiveCfg = Release|x64
		{2CEAC678-579E-48E5-8596-2EB39BA73A09}.Release|x64.Build.0 = Release|x64
		{2CEAC678-579E-48E5-8596-2EB39BA73A09}.Release|x86.ActiveCfg = Release|Win32
		{2CEAC678-579E-48E5-8596-2EB39BA73A09}.Release|x86.Build.0 = Release|Win32
		{A3AEFECA-FA93-4FA2-8857-EFE3C1DF1569}.Debug|x64.ActiveCfg = Debug|x64
		{A3AEFECA-FA93-4FA2-8857-EFE3C1DF1569}.Debug|x64.Build.0 = Debug|x64
		{A3AEFECA-FA93-4FA2-8857-EFE3C1DF1569}.Debug|x86.ActiveCfg = Debug|Win32
		{A3AEFECA-FA93-4FA2-8857-EFE3C1DF1569}.Debug|x86.Build.0 = Debug|Win32
		{A3AEFECA-FA93-4FA2-8857-EFE3C1DF1569}.Release|x64.ActiveCfg = Release|x64
		{A3AEFECA-FA93-4FA2-8857-EFE3C1DF1569}.Release|x64.Build.0 = Release|x64
		{A3AEFECA-FA93-4FA2-8857-EFE3C1DF1569}.Release|x86.ActiveCfg = Release|Win32
		{A3AEFECA-FA93-4FA2-8857-EFE3C1DF1569}.Release|x86.Build.0 = Release|Win32
		{7169E21E-9446-46E2-AE3C-54047CD8D0AD}.Debug|x64.ActiveCfg = Debug|x64
		{7169E21E-9446-46E2-AE3C-54047CD8D0AD}.Debug|x64.Build.0 = Debug|x64
		{7169E21E-9446-46E2-AE3C-54047CD8D0AD}.Debug|x86.ActiveCfg = Debug|Win32
		{7169E21E-9446-46E2-AE3C-54047CD8D0AD}.Debug|x86.Build.0 = Debug|Win32
		{7169E21E-9446-46E2-AE3C-54047CD8D0AD}.Release|x64.ActiveCfg = Release|x64
		{7169E21E-9446-46E2-AE3C-54047CD8D0AD}.Release|x64.Build.0 = Release|x64
		{7169E21E-9446-46E2-AE3C-54047CD8D0AD}.Release|x86.ActiveCfg = Release|Win32
		{7169E21E-9446-46E2-AE3C-54047CD8D0AD}.Release|x86.Build.0 = Release|Win32
		{B48414BC-E15F-4C25-9273-F1FEF01688DA}.Debug|x64.ActiveCfg = Debug|x64
		{B48414BC-E15F-4C25-9273-F1FEF01688DA}.Debug|x64.Build.0 = Debug|x64
		{B48414BC-E15F-4C25-9273-F1FEF01688DA}.Debug|x86.ActiveCfg = Debug|Win32
		{B48414BC-E15F-4C25-9273-F1FEF01688DA}.Debug|x86.Build.0 = Debug|Win32
		{B48414BC-E15F-4C25-9273-F1FEF01688DA}.Release|x64.ActiveCfg = Release|x64
		{B48414BC-E15F-4C25-9273-F1FEF01688DA}.Release|x64.Build.0 = Release|x64
		{B48414BC-E15F-4C25-9273-F1FEF01688DA}.Release|x86.ActiveCfg = Release|Win32
		{B48414BC-E15F-4C25-9273-F1FEF01688DA}.Release|x86.Build.0 = Release|Win32
		{E88DD330-899F-4DED-846A-E3F50908189B}.Debug|x64.ActiveCfg = Debug|x64
		{E88DD330-899F-4DED-846A-E3F50908189B}.Debug|x64.Build.0 = Debug|x64
		{E88DD330-899F-4DED-846A-E3F50908189B}.Debug|x86.ActiveCfg = Debug|Win32
		{E88DD330-899F-4DED-846A-E3F50908189B}.Debug|x86.Build.0 = Debug|Win32
		{E88DD330-899F-4DED-846A-E3F50908189B}.Release|x64.ActiveCfg = Release|x64
		{E88DD330-899F-4DED-846A-E3F50908189B}.Release|x64.Build.0 = Release|x64
		{E88DD330-899F-4DED-846A-E3F50908189B}.Release|x86.ActiveCfg = Release|Win32
		{E88DD330-899F-4DED-846A-E3F50908189B}.Release|x86.Build.0 = Release|Win32
		{E2774A3D-F34E-455D-93D5-ED1805D5106F}.Debug|x64.ActiveCfg = Debug|x64
		{E2774A3D-F34E-455D-93D5-ED1805D5106F}.Debug|x64.Build.0 = Debug|x64
		{E2774A3D-F34E-455D-93D5-ED1805D5106F}.Debug|x86.ActiveCfg = Debug|Win32
		{E2774A3D-F34E-455D-93D5-ED1805D5106F}.Debug|x86.Build.0 = Debug|Win32
		{E2774A3D-F34E-455D-93D5-ED1805D5106F}.Release|x64.ActiveCfg = Release|x64
		{E2774A3D-F34E-455D-93D5-ED1805D5106F}.Release|x64.Build.0 = Release|x64
		{E2774A3D-F34E-455D-93D5-ED1805D5106F}.Release|x86.ActiveCfg = Release|Win32
		{E2774A3D-F34E-455D-93D5-ED1805D5106F}.Release|x86.Build.0 = Release|Win32
		{569C98A9-59F0-424E-B931-91B041C79C46}.Debug|x64.ActiveCfg = Debug|x64
		{569C98A9-59F0-424E-B931-91B041C79C46}.Debug|x64.Build.0 = Debug|x64
		{569C98A9-59F0-424E-B931-91B041C79C46}.Debug|x86.ActiveCfg = Debug|Win32
		{569C98A9-59F0-424E-B931-91B041C79C46}.Debug|x86.Build.0 = Debug|Win32
		{569C98A9-59F0-424E-B931-91B041C79C46}.Release|x64.ActiveCfg = Release|x64
		{569C98A9-59F0-424E-B931-91B041C79C46}.Release|x64.Build.0 = Release|x64
		{569C98A9-59F0-424E-B931-91B041C79C46}.Release|x86.ActiveCfg = Release|Win32
		{569C98A9-59F0-424E-B931-91B041C79C46}.Release|x86.Build.0 = Release|Win32
		{F106A3DD-6738-400D-B6DC-00860CD4131F}.Debug|x64.ActiveCfg = Debug|x64
		{F106A3DD-6738-400D-B6DC-00860CD4131F}.Debug|x64.Build.0 = Debug|x64
		{F106A3DD-6738-400D-B6DC-00860CD4131F}.Debug|x86.ActiveCfg = Debug|Win32
		{F106A3DD-6738-400D-B6DC-00860CD4131F}.Debug|x86.Build.0 = Debug|Win32
		{F106A3DD-6738-400D-B6DC-00860CD4131F}.Release|x64.ActiveCfg = Release|x64
		{F106A3DD-6738-400D-B6DC-00860CD4131F}.Release|x64.Build.0 = Release|x64
		{F106A3DD-6738-400D-B6DC-00860CD4131F}.Release|x86.ActiveCfg = Release|Win32
		{F106A3DD-6738-400D-B6DC-00860CD4131F}.Release|x86.Build.0 = Release|Win32
		{B8386A02-E855-40F8-95BC-1F80728461E2}.Debug|x64.ActiveCfg = Debug|x64
		{B8386A02-E855-40F8-95BC-1F80728461E2}.Debug|x64.Build.0 = Debug|x64
		{B8386A02-E855-40F8-95BC-1F80728461E2}.Debug|x86.ActiveCfg = Debug|Win32
		{B8386A02-E855-40F8-95BC-1F80728461E2}.Debug|x86.Build.0 = Debug|Win32
		{B8386A02-E855-40F8-95BC-1F80728461E2}.Release|x64.ActiveCfg = Release|x64
		{B8386A02-E855-40F8-95BC-1F80728461E2}.Release|x64.Build.0 = Release|x64
		{B8386A02-E855-40F8-95BC-1F80728461E2}.Release|x86.ActiveCfg = Release|Win32
		{B8386A02-E855-40F8-95BC-1F80728461E2}.Release|x86.Build.0 = Release|Win32
		{17F793BC-F66F-45F2-991B-F40FD8D660F9}.Debug|x64.ActiveCfg = Debug|x64
		{17F793BC-F66F-45F2-991B-F40FD8D660F9}.Debug|x64.Build.0 = Debug|x64
		{17F793BC-F66F-45F2-991B-F40FD8D660F9}.Debug|x86.ActiveCfg = Debug|Win32
		{17F793BC-F66F-45F2-991B-F40FD8D660F9}.Debug|x86.Build.0 = Debug|Win32
		{17F793BC-F66F-45F2-991B-F40FD8D660F9}.Release|x64.ActiveCfg = Release|x64
		{17F793BC-F66F-45F2-991B-F40FD8D660F9}.Release|x64.Build.0 = Release|x64
		{17F793BC-F66F-45F2-991B-F40FD8D660F9}.Release|x86.ActiveCfg = Release|Win32
		{17F793BC-F66F-45F2-991B-F40FD8D660F9}.Release|x86.Build.0 = Release|Win32
		{800B41B6-1434-4A59-A962-1E5568A7B0D4}.Debug|x64.ActiveCfg = Debug|x64
		{800B41B6-1434-4A59-A962-1E5568A7B0D4}.Debug|x64.Build.0 = Debug|x64
		{800B41B6-1434-4A59-A962-1E5568A7B0D4}.Debug|x86.ActiveCfg = Debug|Win32
		{800B41B6-1434-4A59-A962-1E5568A7B0D4}.Debug|x86.Build.0 = Debug|Win32
		{800B41B6-1434-4A59-A962-1E5568A7B0D4}.Release|x64.ActiveCfg = Release|x64
		{800B41B6-1434-4A59-A962-1E5568A7B0D4}.Release|x64.Build.0 = Release|x64
		{800B41B6-1434-4A59-A962-1E5568A7B0D4}.Release|x86.ActiveCfg = Release|Win32
		{800B41B6-1434-4A59-A962-1E5568A7B0D4}.Release|x86.Build.0 = Release|Win32
		{F116D4C1-B086-438C-B7B1-DAA8362AD9EE}.Debug|x64.ActiveCfg = Debug|x64
		{F116D4C1-B086-438C-B7B1-DAA8362AD9EE}.Debug|x64.Build.0 = Debug|x64
		{F116D4C1-B086-438C-B7B1-DAA8362AD9EE}.Debug|x86.ActiveCfg = Debug|Win32
		{F116D4C1-B086-438C-B7B1-DAA8362AD9EE}.Debug|x86.Build.0 = Debug|Win32
		{F116D4C1-B086-438C-B7B1-DAA8362AD9EE}.Release|x64.ActiveCfg = Release|x64
		{F116D4C1-B086-438C-B7B1-DAA8362AD9EE}.Release|x64.Build.0 = Release|x64
		{F116D4C1-B086-438C-B7B1-DAA8362AD9EE}.Release|x86.ActiveCfg = Release|Win32
		{F116D4C1-B086-438C-B7B1-DAA8362AD9EE}.Release|x86.Build.0 = Release|Win32
		{1E1F48AF-48A9-4730-96D0-A9E2C9A0E988}.Debug|x64.ActiveCfg = Debug|x64
		{1E1F48AF-48A9-4730-96D0-A9E2C9A0E988}.Debug|x64.Build.0 = Debug|x64
		{1E1F48AF-48A9-4730-96D0-A9E2C9A0E988}.Debug|x86.ActiveCfg = Debug|Win32
		{1E1F48AF-48A9-4730-96D0-A9E2C9A0E988}.Debug|x86.Build.0 = Debug|Win32
		{1E1F48AF-48A9-4730-96D0-A9E2C9A0E988}.Release|x64.ActiveCfg = Release|x64
		{1E1F48AF-48A9-4730-96D0-A9E2C9A0E988}.Release|x64.Build.0 = Release|x64
		{1E1F48AF-48A9-4730-96D0-A9E2C9A0E988}.Release|x86.ActiveCfg = Release|Win32
		{1E1F48AF-48A9-4730-96D0-A9E2C9A0E988}.Release|x86.Build.0 = Release|Win32
		{07D0889E-1D71-4E5A-BEE5-7BE2C1C2CE39}.Debug|x64.ActiveCfg = Debug|x64
		{07D0889E-1D71-4E5A-BEE5-7BE2C1C2CE39}.Debug|x64.Build.0 = Debug|x64
		{07D0889E-1D71-4E5A-BEE5-7BE2C1C2CE39}.Debug|x86.ActiveCfg = Debug|Win32
		{07D0889E-1D71-4E5A-BEE5-7BE2C1C2CE39}.Debug|x86.Build.0 = Debug|Win32
		{07D0889E-1D71-4E5A-BEE5-7BE2C1C2CE39}.Release|x64.ActiveCfg = Release|x64
		{07D0889E-1D71-4E5A-BEE5-7BE2C1C2CE39}.Release|x64.Build.0 = Release|x64
		{07D0889E-1D71-4E5A-BEE5-7BE2C1C2CE39}.Release|x86.ActiveCfg = Release|Win32
		{07D0889E-1D71-4E5A-BEE5-7BE2C1C2CE39}.Release|x86.Build.0 = Release|Win32
		{8579FAC6-9C9C-46C1-B468-D63F47E481CF}.Debug|x64.ActiveCfg = Debug|x64
		{8579FAC6-9C9C-46C1-B468-D63F47E481CF}.Debug|x64.Build.0 = Debug|x64
		{8579FAC6-9C9C-46C1-B468-D63F47E481CF}.Debug|x86.ActiveCfg = Debug|Win32
		{8579FAC6-9C9C-46C1-B468-D63F47E481CF}.Debug|x86.Build.0 = Debug|Win32
		{8579FAC6-9C9C-46C1-B468-D63F47E481CF}.Release|x64.ActiveCfg = Release|x64
		{8579FAC6-9C9C-46C1-B468-D63F47E481CF}.Release|x64.Build.0 = Release|x64
		{8579FAC6-9C9C-46C1-B468-D63F47E481CF}.Release|x86.ActiveCfg = Release|Win32
		{8579FAC6-9C9C-46C1-B468-D63F47E481CF}.Release|x86.Build.0 = Release|Win32
		{00C9967C-6CB9-402D-9615-5369A9D8D4F8}.Debug|x64.ActiveCfg = Debug|x64
		{00C9967C-6CB9-402D-9615-5369A9D8D4F8}.Debug|x64.Build.0 = Debug|x64
		{00C9967C-6CB9-402D-9615-5369A9D8D4F8}.Debug|x86.ActiveCfg = Debug|Win32
		{00C9967C-6CB9-402D-9615-5369A9D8D4F8}.Debug|x86.Build.0 = Debug|Win32
		{00C9967C-6CB9-402D-9615-5369A9D8D4F8}.Release|x64.ActiveCfg = Release|x64
		{00C9967C-6CB9-402D-9615-5369A9D8D4F8}.Release|x64.Build.0 = Release|x64
		{00C9967C-6CB9-402D-9615-5369A9D8D4F8}.Release|x86.ActiveCfg = Release|Win32
		{00C9967C-6CB9-402D-9615-5369A9D8D4F8}.Release|x86.Build.0 = Release|Win32
		{E0F09274-8562-4BDA-9112-497760ECBD07}.Debug|x64.ActiveCfg = Debug|x64
		{E0F09274-8562-4BDA-9112-497760ECBD07}.Debug|x64.Build.0 = Debug|x64
		{E0F09274-8562-4BDA-9112-497760ECBD07}.Debug|x86.ActiveCfg = Debug|Win32
		{E0F09274-8562-4BDA-9112-497760ECBD07}.Debug|x86.Build.0 = Debug|Win32
		{E0F09274-8562-4BDA-9112-497760ECBD07}.Release|x64.ActiveCfg = Release|x64
		{E0F09274-8562-4BDA-9112-497760ECBD07}.Release|x64.Build.0 = Release|x64
		{E0F09274-8562-4BDA-9112-497760ECBD07}.Release|x86.ActiveCfg = Release|Win32
		{E0F09274-8562-4BDA-9112-497760ECBD07}.Release|x86.Build.0 = Release|Win32
		{CA7CCA39-BEF2-4052-8832-BE2476ADBA49}.Debug|x64.ActiveCfg = Debug|x64
		{CA7CCA39-BEF2-4052-8832-BE2476ADBA49}.Debug|x64.Build.0 = Debug|x64
		{CA7CCA39-BEF2-4052-8832-BE2476ADBA49}.Debug|x86.ActiveCfg = Debug|Win32
		{CA7CCA39-BEF2-4052-8832-BE2476ADBA49}.Debug|x86.Build.0 = Debug|Win32
		{CA7CCA39-BEF2-4052-8832-BE2476ADBA49}.Release|x64.ActiveCfg = Release|x64
		{CA7CCA39-BEF2-4052-8832-BE2476ADBA49}.Release|x64.Build.0 = Release|x64
		{CA7CCA39-BEF2-4052-8832-BE2476ADBA49}.Release|x86.ActiveCfg = Release|Win32
		{CA7CCA39-BEF2-4052-8832-BE2476ADBA49}.Release|x86.Build.0 = Release|Win32
		{551B2397-710E-47E4-A34C-DC832EF17F74}.Debug|x64.ActiveCfg = Debug|x64
		{551B2397-710E-47E4-A34C-DC832EF17F74}.Debug|x64.Build.0 = Debug|x64
		{551B2397-710E-47E4-A34C-DC832EF17F74}.Debug|x86.ActiveCfg = Debug|Win32
		{551B2397-710E-47E4-A34C-DC832EF17F74}.Debug|x86.Build.0 = Debug|Win32
		{551B2397-710E-47E4-A34C-DC832EF17F74}.Release|x64.ActiveCfg = Release|x64
		{551B2397-710E-47E4-A34C-DC832EF17F74}.Release|x64.Build.0 = Release|x64
		{551B2397-710E-47E4-A34C-DC832EF17F74}.Release|x86.ActiveCfg = Release|Win32
		{551B2397-710E-47E4-A34C-DC832EF17F74}.Release|x86.Build.0 = Release|Win32
		{210254D4-BCA9-467A-B219-308F5D4D53CE}.Debug|x64.ActiveCfg = Debug|x64
		{210254D4-BCA9-467A-B219-308F5D4D53CE}.Debug|x64.Build.0 = Debug|x64
		{210254D4-BCA9-467A-B219-308F5D4D53CE}.Debug|x86.ActiveCfg = Debug|Win32
		{210254D4-BCA9-467A-B219-308F5D4D53CE}.Debug|x86.Build.0 = Debug|Win32
		{210254D4-BCA9-467A-B219-308F5D4D53CE}.Release|x64.ActiveCfg = Release|x64
		{210254D4-BCA9-467A-B219-308F5D4D53CE}.Release|x64.Build.0 = Release|x64
		{210254D4-BCA9-467A-B219-308F5D4D53CE}.Release|x86.ActiveCfg = Release|Win32
		{210254D4-BCA9-467A-B219-308F5D4D53CE}.Release|x86.Build.0 = Release|Win32
		{CA403665-A470-45F2-B9B5-5A163CECB314}.Debug|x64.ActiveCfg = Debug|x64
		{CA403665-A470-45F2-B9B5-5A163CECB314}.Debug|x64.Build.0 = Debug|x64
		{CA403665-A470-45F2-B9B5-5A163CECB314}.Debug|x86.ActiveCfg = Debug|Win32
		{CA403665-A470-45F2-B9B5-5A163CECB314}.Debug|x86.Build.0 = Debug|Win32
		{CA403665-A470-45F2-B9B5-5A163CECB314}.Release|x64.ActiveCfg = Release|x64
		{CA403665-A470-45F2-B9B5-5A163CECB314}.Release|x64.Build.0 = Release|x64
		{CA403665-A470-45F2-B9B5-5A163CECB314}.Release|x86.ActiveCfg = Release|Win32
		{CA403665-A470-45F2-B9B5-5A163CECB314}.Release|x86.Build.0 = Release|Win32
		{1D02D2E7-6E0C-417C-B1AF-F6A7527C5E90}.Debug|x64.ActiveCfg = Debug|x64
		{1D02D2E7-6E0C-417C-B1AF-F6A7527C5E90}.Debug|x64.Build.0 = Debug|x64
		{1D02D2E7-6E0C-417C-B1AF-F6A7527C5E90}.Debug|x86.ActiveCfg = Debug|Win32
		{1D02D2E7-6E0C-417C-B1AF-F6A7527C5E90}.Debug|x86.Build.0 = Debug|Win32
		{1D02D2E7-6E0C-417C-B1AF-F6A7527C5E90}.Release|x64.ActiveCfg = Release|x64
		{1D02D2E7-6E0C-417C-B1AF-F6A7527C5E90}.Release|x64.Build.0 = Release|x64
		{1D02D2E7-6E0C-417C-B1AF-F6A7527C5E90}.Release|x86.ActiveCfg = Release|Win32
		{1D02D2E7-6E0C-417C-B1AF-F6A7527C5E90}.Release|x86.Build.0 = Release|Win32
		{2B650160-69AC-45FE-9F0A-2F4F0D64C940}.Debug|x64.ActiveCfg = Debug|x64
		{2B650160-69AC-45FE-9F0A-2F4F0D64C940}.Debug|x64.Build.0 = Debug|x64
		{2B650160-69AC-45FE-9F0A-2F4F0D64C940}.Debug|x86.ActiveCfg = Debug|Win32
		{2B650160-69AC-45FE-9F0A-2F4F0D64C940}.Debug|x86.Build.0 = Debug|Win32
		{2B650160-69AC-45FE-9F0A-2F4F0D64C940}.Release|x64.ActiveCfg = Release|x64
		{2B650160-69AC-45FE-9F0A-2F4F0D64C940}.Release|x64.Build.0 = Release|x64
		{2B650160-69AC-45FE-9F0A-2F4F0D64C940}.Release|x86.ActiveCfg = Release|Win32
		{2B650160-69AC-45FE-9F0A-2F4F0D64C940}.Release|x86.Build.0 = Release|Win32
		{E8F7319C-0DDD-40CC-8913-FB7B69B14645}.Debug|x64.ActiveCfg = Debug|x64
		{E8F7319C-0DDD-40CC-8913-FB7B69B14645}.Debug|x64.Build.0 = Debug|x64
		{E8F7319C-0DDD-40CC-8913-FB7B69B14645}.Debug|x86.ActiveCfg = Debug|Win32
		{E8F7319C-0DDD-40CC-8913-FB7B69B14645}.Debug|x86.Build.0 = Debug|Win32
		{E8F7319C-0DDD-40CC-8913-FB7B69B14645}.Release|x64.ActiveCfg = Release|x64
		{E8F7319C-0DDD-40CC-8913-FB7B69B14645}.Release|x64.Build.0 = Release|x64
		{E8F7319C-0DDD-40CC-8913-FB7B69B14645}.Release|x86.ActiveCfg = Release|Win32
		{E8F7319C-0DDD-40CC-8913-FB7B69B14645}.Release|x86.Build.0 = Release|Win32
		{2A2781DB-EAE8-424B-8150-CEB553552F6D}.Debug|x64.ActiveCfg = Debug|x64
		{2A2781DB-EAE8-424B-8150-CEB553552F6D}.Debug|x64.Build.0 = Debug|x64
		{2A2781DB-EAE8-424B-8150-CEB553552F6D}.Debug|x86.ActiveCfg = Debug|Win32
		{2A2781DB-EAE8-424B-8150-CEB553552F6D}.Debug|x86.Build.0 = Debug|Win32
		{2A2781DB-EAE8-424B-8150-CEB553552F6D}.Release|x64.ActiveCfg = Release|x64
		{2A2781DB-EAE8-424B-8150-CEB553552F6D}.Release|x64.Build.0 = Release|x64
		{2A2781DB-EAE8-424B-8150-CEB553552F6D}.Release|x86.ActiveCfg = Release|Win32
		{2A2781DB-EAE8-424B-8150-CEB553552F6D}.Release|x86.Build.0 = Release|Win32
		{FDD8A5A4-5EFB-47F4-9CD3-C1D755C086DD}.Debug|x64.ActiveCfg = Debug|x64
		{FDD8A5A4-5EFB-47F4-9CD3-C1D755C086DD}.Debug|x64.Build.0 = Debug|x64
		{FDD8A5A4-5EFB-47F4-9CD3-C1D755C086DD}.Debug|x86.ActiveCfg = Debug|Win32
		{FDD8A5A4-5EFB-47F4-9CD3-C1D755C086DD}.Debug|x86.Build.0 = Debug|Win32
		{FDD8A5A4-5EFB-47F4-9CD3-C1D755C086DD}.Release|x64.ActiveCfg = Release|x64
		{FDD8A5A4-5EFB-47F4-9CD3-C1D755C086DD}.Release|x64.Build.0 = Release|x64
		{FDD8A5A4-5EFB-47F4-9CD3-C1D755C086DD}.Release|x86.ActiveCfg = Release|Win32
		{FDD8A5A4-5EFB-47F4-9CD3-C1D755C086DD}.Release|x86.Build.0 = Release|Win32
		{A6D56E26-550F-4B24-9969-95B579D1D8C8}.Debug|x64.ActiveCfg = Debug|x64
		{A6D56E26-550F-4B24-9969-95B579D1D8C8}.Debug|x64.Build.0 = Debug|x64
		{A6D56E26-550F-4B24-9969-95B579D1D8C8}.Debug|x86.ActiveCfg = Debug|Win32
		{A6D56E26-550F-4B24-9969-95B579D1D8C8}.Debug|x86.Build.0 = Debug|Win32
		{A6D56E26-550F-4B24-9969-95B579D1D8C8}.Release|x64.ActiveCfg = Release|x64
		{A6D56E26-550F-4B24-9969-95B579D1D8C8}.Release|x64.Build.0 = Release|x64
		{A6D56E26-550F-4B24-9969-95B579D1D8C8}.Release|x86.ActiveCfg = Release|Win32
		{A6D56E26-550F-4B24-9969-95B579D1D8C8}.Release|x86.Build.0 = Release|Win32
		{8F37183F-6D0A-47C9-AC79-BE6FCA1A5CED}.Debug|x64.ActiveCfg = Debug|x64
		{8F37183F-6D0A-47C9-AC79-BE6FCA1A5CED}.Debug|x64.Build.0 = Debug|x64
		{8F37183F-6D0A-47C9-AC79-BE6FCA1A5CED}.Debug|x86.ActiveCfg = Debug|Win32
		{8F37183F-6D0A-47C9-AC79-BE6FCA1A5CED}.Debug|x86.Build.0 = Debug|Win32
		{8F37183F-6D0A-47C9-AC79-BE6FCA1A5CED}.Release|x64.ActiveCfg = Release|x64
		{8F37183F-6D0A-47C9-AC79-BE6FCA1A5CED}.Release|x64.Build.0 = Release|x64
		{8F37183F-6D0A-47C9-AC79-BE6FCA1A5CED}.Release|x86.ActiveCfg = Release|Win32
		{8F37183F-6D0A-47C9-AC79-BE6FCA1A5CED}.Release|x86.Build.0 = Release|Win32
		{1181DDC6-4439-4960-B685-62EDE5D4F18E}.Debug|x64.ActiveCfg = Debug|x64
		{1181DDC6-4439-4960-B685-62EDE5D4F18E}.Debug|x64.Build.0 = Debug|x64
		{1181DDC6-4439-4960-B685-62EDE5D4F18E}.Debug|x86.ActiveCfg = Debug|Win32
		{1181DDC6-4439-4960-B685-62EDE5D4F18E}.Debug|x86.Build.0 = Debug|Win32
		{1181DDC6-4439-4960-B685-62EDE5D4F18E}.Release|x64.ActiveCfg = Release|x64
		{1181DDC6-4439-4960-B685-62EDE5D4F18E}.Release|x64.Build.0 = Release|x64
		{1181DDC6-4439-4960-B685-62EDE5D4F18E}.Release|x86.ActiveCfg = Release|Win32
		{1181DDC6-4439-4960-B685-62EDE5D4F18E}.Release|x86.Build.0 = Release|Win32
		{8939D612-3A4C-4B0E-BCB3-2C1D73976D14}.Debug|x64.ActiveCfg = Debug|x64
		{8939D612-3A4C-4B0E-BCB3-2C1D73976D14}.Debug|x64.Build.0 = Debug|x64
		{8939D612-3A4C-4B0E-BCB3-2C1D73976D14}.Debug|x86.ActiveCfg = Debug|Win32
		{8939D612-3A4C-4B0E-BCB3-2C1D73976D14}.Debug|x86.Build.0 = Debug|Win32
		{8939D612-3A4C-4B0E-BCB3-2C1D73976D14}.Release|x64.ActiveCfg = Release|x64
		{8939D612-3A4C-4B0E-BCB3-2C1D73976D14}.Release|x64.Build.0 = Release|x64
		{8939D612-3A4C-4B0E-BCB3-2C1D73976D14}.Release|x86.ActiveCfg = Release|Win32
		{8939D612-3A4C-4B0E-BCB3-2C1D73976D14}.Release|x86.Build.0 = Release|Win32
	EndGlobalSection
	GlobalSection(SolutionProperties) = preSolution
		HideSolutionNode = FALSE
	EndGlobalSection
	GlobalSection(ExtensibilityGlobals) = postSolution
		SolutionGuid = {D47C8173-2797-4839-B4EB-73A71DD20779}
	EndGlobalSection
EndGlobal
